
Microsoft Visual Studio Solution File, Format Version 12.00
# Visual Studio Version 16
VisualStudioVersion = 16.0.31025.194
MinimumVisualStudioVersion = 10.0.40219.1
Project("{FAE04EC0-301F-11D3-BF4B-00C04F79EFBC}") = "AjaxDemo", "AjaxDemo\AjaxDemo.csproj", "{2203B1D3-60F4-4426-BE35-D6B87E02A652}"
EndProject
Global
	GlobalSection(SolutionConfigurationPlatforms) = preSolution
		Debug|Any CPU = Debug|Any CPU
		Release|Any CPU = Release|Any CPU
	EndGlobalSection
	GlobalSection(ProjectConfigurationPlatforms) = postSolution
		{2203B1D3-60F4-4426-BE35-D6B87E02A652}.Debug|Any CPU.ActiveCfg = Debug|Any CPU
		{2203B1D3-60F4-4426-BE35-D6B87E02A652}.Debug|Any CPU.Build.0 = Debug|Any CPU
		{2203B1D3-60F4-4426-BE35-D6B87E02A652}.Release|Any CPU.ActiveCfg = Release|Any CPU
		{2203B1D3-60F4-4426-BE35-D6B87E02A652}.Release|Any CPU.Build.0 = Release|Any CPU
	EndGlobalSection
	GlobalSection(SolutionProperties) = preSolution
		HideSolutionNode = FALSE
	EndGlobalSection
	GlobalSection(ExtensibilityGlobals) = postSolution
		SolutionGuid = {ABF5E221-EABA-41EC-BD1E-CFCBB24AC07D}
	EndGlobalSection
EndGlobal
